Microsoft Visual Studio Solution File, Format Version 12.00
# Visual Studio Version 17
VisualStudioVersion = 17.5.2.0
MinimumVisualStudioVersion = 10.0.40219.1
Project("{FAE04EC0-301F-11D3-BF4B-00C04F79EFBC}") = "WorkingwithSQLLiteinAsp.NETCoreWebAPI", "WorkingwithSQLLiteinAsp.NETCoreWebAPI.csproj", "{00761563-04CD-63D8-83E9-6DDB3B4A7516}"
EndProject
Global
	GlobalSection(SolutionConfigurationPlatforms) = preSolution
		Debug|Any CPU = Debug|Any CPU
		Release|Any CPU = Release|Any CPU
	EndGlobalSection
	GlobalSection(ProjectConfigurationPlatforms) = postSolution
		{00761563-04CD-63D8-83E9-6DDB3B4A7516}.Debug|Any CPU.ActiveCfg = Debug|Any CPU
		{00761563-04CD-63D8-83E9-6DDB3B4A7516}.Debug|Any CPU.Build.0 = Debug|Any CPU
		{00761563-04CD-63D8-83E9-6DDB3B4A7516}.Release|Any CPU.ActiveCfg = Release|Any CPU
		{00761563-04CD-63D8-83E9-6DDB3B4A7516}.Release|Any CPU.Build.0 = Release|Any CPU
	EndGlobalSection
	GlobalSection(SolutionProperties) = preSolution
		HideSolutionNode = FALSE
	EndGlobalSection
	GlobalSection(ExtensibilityGlobals) = postSolution
		SolutionGuid = {85D875C8-1166-4E59-B37E-1806246A84F8}
	EndGlobalSection
EndGlobal
